
Microsoft Visual Studio Solution File, Format Version 12.00
# Visual Studio Version 17
VisualStudioVersion = 17.0.31903.59
MinimumVisualStudioVersion = 10.0.40219.1
Project("{FAE04EC0-301F-11D3-BF4B-00C04F79EFBC}") = "JADE-MOTHERBOARD.Api", "JADE-MOTHERBOARD.Api\JADE-MOTHERBOARD.Api.csproj", "{764D9809-0A8A-42C7-8D3C-E5EE993DD4DE}"
EndProject
Project("{FAE04EC0-301F-11D3-BF4B-00C04F79EFBC}") = "JADE-MOTHERBOARD.Domain", "JADE-MOTHERBOARD.Domain\JADE-MOTHERBOARD.Domain.csproj", "{C4C10CE9-D738-49DF-9C2A-19B1FC7E3DE0}"
EndProject
Project("{FAE04EC0-301F-11D3-BF4B-00C04F79EFBC}") = "JADE-MOTHERBOARD.Data", "JADE-MOTHERBOARD.Data\JADE-MOTHERBOARD.Data.csproj", "{1E830F65-6F5D-4C7B-9A97-B0FA1293143E}"
EndProject
Project("{2150E333-8FDC-42A3-9474-1A3956D46DE8}") = "tests", "tests", "{A1640EFD-8D64-4C32-9B1F-FF3F00870D1D}"
EndProject
Project("{FAE04EC0-301F-11D3-BF4B-00C04F79EFBC}") = "JADE-MOTHERBOARD.Domain.Tests", "tests\JADE-MOTHERBOARD.Domain.Tests\JADE-MOTHERBOARD.Domain.Tests.csproj", "{2211F56C-B062-4EB0-A26C-1265070DBAC9}"
EndProject
Global
	GlobalSection(SolutionConfigurationPlatforms) = preSolution
		Debug|Any CPU = Debug|Any CPU
		Release|Any CPU = Release|Any CPU
	EndGlobalSection
	GlobalSection(SolutionProperties) = preSolution
		HideSolutionNode = FALSE
	EndGlobalSection
	GlobalSection(ProjectConfigurationPlatforms) = postSolution
		{764D9809-0A8A-42C7-8D3C-E5EE993DD4DE}.Debug|Any CPU.ActiveCfg = Debug|Any CPU
		{764D9809-0A8A-42C7-8D3C-E5EE993DD4DE}.Debug|Any CPU.Build.0 = Debug|Any CPU
		{764D9809-0A8A-42C7-8D3C-E5EE993DD4DE}.Release|Any CPU.ActiveCfg = Release|Any CPU
		{764D9809-0A8A-42C7-8D3C-E5EE993DD4DE}.Release|Any CPU.Build.0 = Release|Any CPU
		{C4C10CE9-D738-49DF-9C2A-19B1FC7E3DE0}.Debug|Any CPU.ActiveCfg = Debug|Any CPU
		{C4C10CE9-D738-49DF-9C2A-19B1FC7E3DE0}.Debug|Any CPU.Build.0 = Debug|Any CPU
		{C4C10CE9-D738-49DF-9C2A-19B1FC7E3DE0}.Release|Any CPU.ActiveCfg = Release|Any CPU
		{C4C10CE9-D738-49DF-9C2A-19B1FC7E3DE0}.Release|Any CPU.Build.0 = Release|Any CPU
		{1E830F65-6F5D-4C7B-9A97-B0FA1293143E}.Debug|Any CPU.ActiveCfg = Debug|Any CPU
		{1E830F65-6F5D-4C7B-9A97-B0FA1293143E}.Debug|Any CPU.Build.0 = Debug|Any CPU
		{1E830F65-6F5D-4C7B-9A97-B0FA1293143E}.Release|Any CPU.ActiveCfg = Release|Any CPU
		{1E830F65-6F5D-4C7B-9A97-B0FA1293143E}.Release|Any CPU.Build.0 = Release|Any CPU
		{2211F56C-B062-4EB0-A26C-1265070DBAC9}.Debug|Any CPU.ActiveCfg = Debug|Any CPU
		{2211F56C-B062-4EB0-A26C-1265070DBAC9}.Debug|Any CPU.Build.0 = Debug|Any CPU
		{2211F56C-B062-4EB0-A26C-1265070DBAC9}.Release|Any CPU.ActiveCfg = Release|Any CPU
		{2211F56C-B062-4EB0-A26C-1265070DBAC9}.Release|Any CPU.Build.0 = Release|Any CPU
	EndGlobalSection
	GlobalSection(NestedProjects) = preSolution
		{2211F56C-B062-4EB0-A26C-1265070DBAC9} = {A1640EFD-8D64-4C32-9B1F-FF3F00870D1D}
	EndGlobalSection
EndGlobal
